
Microsoft Visual Studio Solution File, Format Version 12.00
# Visual Studio Version 17
VisualStudioVersion = 17.7.33927.210
MinimumVisualStudioVersion = 10.0.40219.1
Project("{2150E333-8FDC-42A3-9474-1A3956D46DE8}") = "src", "src", "{13E2CE36-716E-4536-A32A-6B59245053E1}"
EndProject
Project("{2150E333-8FDC-42A3-9474-1A3956D46DE8}") = "corePackages", "corePackages", "{484B79EE-75B6-4630-82A3-7A4CA4B461FD}"
EndProject
Project("{9A19103F-16F7-4668-BE54-9A1E7A4F7556}") = "Core.Application", "src\corePackages\Core.Application\Core.Application.csproj", "{6FE2A548-1052-496B-9D11-0C75C482BE9A}"
EndProject
Project("{9A19103F-16F7-4668-BE54-9A1E7A4F7556}") = "Core.CrossCuttingConcerns", "src\corePackages\Core.CrossCuttingConcerns\Core.CrossCuttingConcerns.csproj", "{159BA822-65B7-4BB5-9B8E-E8160FCBDB8D}"
EndProject
Project("{9A19103F-16F7-4668-BE54-9A1E7A4F7556}") = "Core.ElasticSearch", "src\corePackages\Core.ElasticSearch\Core.ElasticSearch.csproj", "{EBA1B291-2FAC-4632-A60B-3B12231F2E43}"
EndProject
Project("{9A19103F-16F7-4668-BE54-9A1E7A4F7556}") = "Core.Mailing", "src\corePackages\Core.Mailing\Core.Mailing.csproj", "{E4C84471-60BB-465E-97C4-8A8D599F615F}"
EndProject
Project("{9A19103F-16F7-4668-BE54-9A1E7A4F7556}") = "Core.Persistence", "src\corePackages\Core.Persistence\Core.Persistence.csproj", "{54A101FA-F165-4896-8BF0-4E5B3927EF9C}"
EndProject
Project("{9A19103F-16F7-4668-BE54-9A1E7A4F7556}") = "Core.Security", "src\corePackages\Core.Security\Core.Security.csproj", "{F2DE1D2E-DFF8-4B3E-BCAE-A02E805A2987}"
EndProject
Project("{9A19103F-16F7-4668-BE54-9A1E7A4F7556}") = "Core.WebAPI", "src\corePackages\Core.WebAPI\Core.WebAPI.csproj", "{01B9386E-8828-49D3-AF19-A1EEDA6A714C}"
EndProject
Project("{9A19103F-16F7-4668-BE54-9A1E7A4F7556}") = "Core.Monitoring", "src\corePackages\Core.Monitoring\Core.Monitoring.csproj", "{01DBD621-C4EA-48F9-908A-DADDB81B85DE}"
EndProject
Project("{9A19103F-16F7-4668-BE54-9A1E7A4F7556}") = "Core.Test", "src\corePackages\Core.Test\Core.Test.csproj", "{F970D558-7F6E-46C5-AB59-D2F6FB37D0F5}"
EndProject
Project("{9A19103F-16F7-4668-BE54-9A1E7A4F7556}") = "Core.Abstractions", "src\corePackages\Core.Abstractions\Core.Abstractions.csproj", "{54B5D58D-37BA-420A-87D0-2D437769B704}"
EndProject
Project("{9A19103F-16F7-4668-BE54-9A1E7A4F7556}") = "Core.Messaging.InMemory", "src\corePackages\Core.Messaging.InMemory\Core.Messaging.InMemory.csproj", "{C48953EC-8AA4-43A9-88F3-B1682BF82654}"
EndProject
Project("{9A19103F-16F7-4668-BE54-9A1E7A4F7556}") = "Core.Messaging.Postgres", "src\corePackages\Core.Messaging.Postgres\Core.Messaging.Postgres.csproj", "{5EA31047-3BD7-463D-8808-E27BF11AA5FF}"
EndProject
Project("{9A19103F-16F7-4668-BE54-9A1E7A4F7556}") = "Core.Messaging.Transport.InMemory", "src\corePackages\Core.Messaging.Transport.InMemory\Core.Messaging.Transport.InMemory.csproj", "{45942D22-0C11-4F6C-B142-1C1273990E5A}"
EndProject
Project("{9A19103F-16F7-4668-BE54-9A1E7A4F7556}") = "Core.Tracing", "src\corePackages\Core.Tracing\Core.Tracing.csproj", "{F06E3C48-7DBB-463F-A8E1-2C0CCF42143B}"
EndProject
Project("{9A19103F-16F7-4668-BE54-9A1E7A4F7556}") = "Core.Messaging.Transport.Kafka", "src\corePackages\Core.Messaging.Transport.Kafka\Core.Messaging.Transport.Kafka.csproj", "{E610A6AB-F504-4BF8-94EE-51530473D00F}"
EndProject
Project("{9A19103F-16F7-4668-BE54-9A1E7A4F7556}") = "Core.Messaging.Transport.RabbitMQ", "src\corePackages\Core.Messaging.Transport.RabbitMQ\Core.Messaging.Transport.RabbitMQ.csproj", "{9665C6B6-E4BD-4259-8F05-85D4AB435206}"
EndProject
Project("{9A19103F-16F7-4668-BE54-9A1E7A4F7556}") = "Core.Resiliency", "src\corePackages\Core.Resiliency\Core.Resiliency.csproj", "{937722BA-ECA6-40B9-BBE0-234C886C8C84}"
EndProject
Project("{9A19103F-16F7-4668-BE54-9A1E7A4F7556}") = "Core.Scheduling.Hangfire", "src\corePackages\Core.Scheduling.Hangfire\Core.Scheduling.Hangfire.csproj", "{E3A237B9-E0F8-48E4-B0B2-4EBBB4D1872D}"
EndProject
Project("{9A19103F-16F7-4668-BE54-9A1E7A4F7556}") = "Core.Scheduling.Postgres.Internal", "src\corePackages\Core.Scheduling.Postgres.Internal\Core.Scheduling.Postgres.Internal.csproj", "{85D1FC23-1902-44C5-9208-AEF6D8063ED9}"
EndProject
Project("{9A19103F-16F7-4668-BE54-9A1E7A4F7556}") = "Core.Scheduling.SqlServer.Internal", "src\corePackages\Core.Scheduling.SqlServer.Internal\Core.Scheduling.SqlServer.Internal.csproj", "{61C737BE-3A2D-44E5-8644-39AE50BF54BC}"
EndProject
Project("{9A19103F-16F7-4668-BE54-9A1E7A4F7556}") = "Core.ServiceDiscovery", "src\corePackages\Core.ServiceDiscovery\Core.ServiceDiscovery.csproj", "{EA18F0BF-7F5D-44DC-9A5F-A369684CABC3}"
EndProject
Project("{FAE04EC0-301F-11D3-BF4B-00C04F79EFBC}") = "Core.Messaging.SqlServer", "src\corePackages\Core.Messaging.SqlServer\Core.Messaging.SqlServer.csproj", "{9AF3ACB5-657D-480F-BBC9-035305E4AA5B}"
EndProject
Global
	GlobalSection(SolutionConfigurationPlatforms) = preSolution
		Debug|Any CPU = Debug|Any CPU
		Release|Any CPU = Release|Any CPU
	EndGlobalSection
	GlobalSection(ProjectConfigurationPlatforms) = postSolution
		{6FE2A548-1052-496B-9D11-0C75C482BE9A}.Debug|Any CPU.ActiveCfg = Debug|Any CPU
		{6FE2A548-1052-496B-9D11-0C75C482BE9A}.Debug|Any CPU.Build.0 = Debug|Any CPU
		{6FE2A548-1052-496B-9D11-0C75C482BE9A}.Release|Any CPU.ActiveCfg = Release|Any CPU
		{6FE2A548-1052-496B-9D11-0C75C482BE9A}.Release|Any CPU.Build.0 = Release|Any CPU
		{159BA822-65B7-4BB5-9B8E-E8160FCBDB8D}.Debug|Any CPU.ActiveCfg = Debug|Any CPU
		{159BA822-65B7-4BB5-9B8E-E8160FCBDB8D}.Debug|Any CPU.Build.0 = Debug|Any CPU
		{159BA822-65B7-4BB5-9B8E-E8160FCBDB8D}.Release|Any CPU.ActiveCfg = Release|Any CPU
		{159BA822-65B7-4BB5-9B8E-E8160FCBDB8D}.Release|Any CPU.Build.0 = Release|Any CPU
		{EBA1B291-2FAC-4632-A60B-3B12231F2E43}.Debug|Any CPU.ActiveCfg = Debug|Any CPU
		{EBA1B291-2FAC-4632-A60B-3B12231F2E43}.Debug|Any CPU.Build.0 = Debug|Any CPU
		{EBA1B291-2FAC-4632-A60B-3B12231F2E43}.Release|Any CPU.ActiveCfg = Release|Any CPU
		{EBA1B291-2FAC-4632-A60B-3B12231F2E43}.Release|Any CPU.Build.0 = Release|Any CPU
		{E4C84471-60BB-465E-97C4-8A8D599F615F}.Debug|Any CPU.ActiveCfg = Debug|Any CPU
		{E4C84471-60BB-465E-97C4-8A8D599F615F}.Debug|Any CPU.Build.0 = Debug|Any CPU
		{E4C84471-60BB-465E-97C4-8A8D599F615F}.Release|Any CPU.ActiveCfg = Release|Any CPU
		{E4C84471-60BB-465E-97C4-8A8D599F615F}.Release|Any CPU.Build.0 = Release|Any CPU
		{54A101FA-F165-4896-8BF0-4E5B3927EF9C}.Debug|Any CPU.ActiveCfg = Debug|Any CPU
		{54A101FA-F165-4896-8BF0-4E5B3927EF9C}.Debug|Any CPU.Build.0 = Debug|Any CPU
		{54A101FA-F165-4896-8BF0-4E5B3927EF9C}.Release|Any CPU.ActiveCfg = Release|Any CPU
		{54A101FA-F165-4896-8BF0-4E5B3927EF9C}.Release|Any CPU.Build.0 = Release|Any CPU
		{F2DE1D2E-DFF8-4B3E-BCAE-A02E805A2987}.Debug|Any CPU.ActiveCfg = Debug|Any CPU
		{F2DE1D2E-DFF8-4B3E-BCAE-A02E805A2987}.Debug|Any CPU.Build.0 = Debug|Any CPU
		{F2DE1D2E-DFF8-4B3E-BCAE-A02E805A2987}.Release|Any CPU.ActiveCfg = Release|Any CPU
		{F2DE1D2E-DFF8-4B3E-BCAE-A02E805A2987}.Release|Any CPU.Build.0 = Release|Any CPU
		{01B9386E-8828-49D3-AF19-A1EEDA6A714C}.Debug|Any CPU.ActiveCfg = Debug|Any CPU
		{01B9386E-8828-49D3-AF19-A1EEDA6A714C}.Debug|Any CPU.Build.0 = Debug|Any CPU
		{01B9386E-8828-49D3-AF19-A1EEDA6A714C}.Release|Any CPU.ActiveCfg = Release|Any CPU
		{01B9386E-8828-49D3-AF19-A1EEDA6A714C}.Release|Any CPU.Build.0 = Release|Any CPU
		{01DBD621-C4EA-48F9-908A-DADDB81B85DE}.Debug|Any CPU.ActiveCfg = Debug|Any CPU
		{01DBD621-C4EA-48F9-908A-DADDB81B85DE}.Debug|Any CPU.Build.0 = Debug|Any CPU
		{01DBD621-C4EA-48F9-908A-DADDB81B85DE}.Release|Any CPU.ActiveCfg = Release|Any CPU
		{01DBD621-C4EA-48F9-908A-DADDB81B85DE}.Release|Any CPU.Build.0 = Release|Any CPU
		{F970D558-7F6E-46C5-AB59-D2F6FB37D0F5}.Debug|Any CPU.ActiveCfg = Debug|Any CPU
		{F970D558-7F6E-46C5-AB59-D2F6FB37D0F5}.Debug|Any CPU.Build.0 = Debug|Any CPU
		{F970D558-7F6E-46C5-AB59-D2F6FB37D0F5}.Release|Any CPU.ActiveCfg = Release|Any CPU
		{F970D558-7F6E-46C5-AB59-D2F6FB37D0F5}.Release|Any CPU.Build.0 = Release|Any CPU
		{54B5D58D-37BA-420A-87D0-2D437769B704}.Debug|Any CPU.ActiveCfg = Debug|Any CPU
		{54B5D58D-37BA-420A-87D0-2D437769B704}.Debug|Any CPU.Build.0 = Debug|Any CPU
		{54B5D58D-37BA-420A-87D0-2D437769B704}.Release|Any CPU.ActiveCfg = Release|Any CPU
		{54B5D58D-37BA-420A-87D0-2D437769B704}.Release|Any CPU.Build.0 = Release|Any CPU
		{C48953EC-8AA4-43A9-88F3-B1682BF82654}.Debug|Any CPU.ActiveCfg = Debug|Any CPU
		{C48953EC-8AA4-43A9-88F3-B1682BF82654}.Debug|Any CPU.Build.0 = Debug|Any CPU
		{C48953EC-8AA4-43A9-88F3-B1682BF82654}.Release|Any CPU.ActiveCfg = Release|Any CPU
		{C48953EC-8AA4-43A9-88F3-B1682BF82654}.Release|Any CPU.Build.0 = Release|Any CPU
		{5EA31047-3BD7-463D-8808-E27BF11AA5FF}.Debug|Any CPU.ActiveCfg = Debug|Any CPU
		{5EA31047-3BD7-463D-8808-E27BF11AA5FF}.Debug|Any CPU.Build.0 = Debug|Any CPU
		{5EA31047-3BD7-463D-8808-E27BF11AA5FF}.Release|Any CPU.ActiveCfg = Release|Any CPU
		{5EA31047-3BD7-463D-8808-E27BF11AA5FF}.Release|Any CPU.Build.0 = Release|Any CPU
		{45942D22-0C11-4F6C-B142-1C1273990E5A}.Debug|Any CPU.ActiveCfg = Debug|Any CPU
		{45942D22-0C11-4F6C-B142-1C1273990E5A}.Debug|Any CPU.Build.0 = Debug|Any CPU
		{45942D22-0C11-4F6C-B142-1C1273990E5A}.Release|Any CPU.ActiveCfg = Release|Any CPU
		{45942D22-0C11-4F6C-B142-1C1273990E5A}.Release|Any CPU.Build.0 = Release|Any CPU
		{F06E3C48-7DBB-463F-A8E1-2C0CCF42143B}.Debug|Any CPU.ActiveCfg = Debug|Any CPU
		{F06E3C48-7DBB-463F-A8E1-2C0CCF42143B}.Debug|Any CPU.Build.0 = Debug|Any CPU
		{F06E3C48-7DBB-463F-A8E1-2C0CCF42143B}.Release|Any CPU.ActiveCfg = Release|Any CPU
		{F06E3C48-7DBB-463F-A8E1-2C0CCF42143B}.Release|Any CPU.Build.0 = Release|Any CPU
		{E610A6AB-F504-4BF8-94EE-51530473D00F}.Debug|Any CPU.ActiveCfg = Debug|Any CPU
		{E610A6AB-F504-4BF8-94EE-51530473D00F}.Debug|Any CPU.Build.0 = Debug|Any CPU
		{E610A6AB-F504-4BF8-94EE-51530473D00F}.Release|Any CPU.ActiveCfg = Release|Any CPU
		{E610A6AB-F504-4BF8-94EE-51530473D00F}.Release|Any CPU.Build.0 = Release|Any CPU
		{9665C6B6-E4BD-4259-8F05-85D4AB435206}.Debug|Any CPU.ActiveCfg = Debug|Any CPU
		{9665C6B6-E4BD-4259-8F05-85D4AB435206}.Debug|Any CPU.Build.0 = Debug|Any CPU
		{9665C6B6-E4BD-4259-8F05-85D4AB435206}.Release|Any CPU.ActiveCfg = Release|Any CPU
		{9665C6B6-E4BD-4259-8F05-85D4AB435206}.Release|Any CPU.Build.0 = Release|Any CPU
		{937722BA-ECA6-40B9-BBE0-234C886C8C84}.Debug|Any CPU.ActiveCfg = Debug|Any CPU
		{937722BA-ECA6-40B9-BBE0-234C886C8C84}.Debug|Any CPU.Build.0 = Debug|Any CPU
		{937722BA-ECA6-40B9-BBE0-234C886C8C84}.Release|Any CPU.ActiveCfg = Release|Any CPU
		{937722BA-ECA6-40B9-BBE0-234C886C8C84}.Release|Any CPU.Build.0 = Release|Any CPU
		{E3A237B9-E0F8-48E4-B0B2-4EBBB4D1872D}.Debug|Any CPU.ActiveCfg = Debug|Any CPU
		{E3A237B9-E0F8-48E4-B0B2-4EBBB4D1872D}.Debug|Any CPU.Build.0 = Debug|Any CPU
		{E3A237B9-E0F8-48E4-B0B2-4EBBB4D1872D}.Release|Any CPU.ActiveCfg = Release|Any CPU
		{E3A237B9-E0F8-48E4-B0B2-4EBBB4D1872D}.Release|Any CPU.Build.0 = Release|Any CPU
		{85D1FC23-1902-44C5-9208-AEF6D8063ED9}.Debug|Any CPU.ActiveCfg = Debug|Any CPU
		{85D1FC23-1902-44C5-9208-AEF6D8063ED9}.Debug|Any CPU.Build.0 = Debug|Any CPU
		{85D1FC23-1902-44C5-9208-AEF6D8063ED9}.Release|Any CPU.ActiveCfg = Release|Any CPU
		{85D1FC23-1902-44C5-9208-AEF6D8063ED9}.Release|Any CPU.Build.0 = Release|Any CPU
		{61C737BE-3A2D-44E5-8644-39AE50BF54BC}.Debug|Any CPU.ActiveCfg = Debug|Any CPU
		{61C737BE-3A2D-44E5-8644-39AE50BF54BC}.Debug|Any CPU.Build.0 = Debug|Any CPU
		{61C737BE-3A2D-44E5-8644-39AE50BF54BC}.Release|Any CPU.ActiveCfg = Release|Any CPU
		{61C737BE-3A2D-44E5-8644-39AE50BF54BC}.Release|Any CPU.Build.0 = Release|Any CPU
		{EA18F0BF-7F5D-44DC-9A5F-A369684CABC3}.Debug|Any CPU.ActiveCfg = Debug|Any CPU
		{EA18F0BF-7F5D-44DC-9A5F-A369684CABC3}.Debug|Any CPU.Build.0 = Debug|Any CPU
		{EA18F0BF-7F5D-44DC-9A5F-A369684CABC3}.Release|Any CPU.ActiveCfg = Release|Any CPU
		{EA18F0BF-7F5D-44DC-9A5F-A369684CABC3}.Release|Any CPU.Build.0 = Release|Any CPU
		{9AF3ACB5-657D-480F-BBC9-035305E4AA5B}.Debug|Any CPU.ActiveCfg = Debug|Any CPU
		{9AF3ACB5-657D-480F-BBC9-035305E4AA5B}.Debug|Any CPU.Build.0 = Debug|Any CPU
		{9AF3ACB5-657D-480F-BBC9-035305E4AA5B}.Release|Any CPU.ActiveCfg = Release|Any CPU
		{9AF3ACB5-657D-480F-BBC9-035305E4AA5B}.Release|Any CPU.Build.0 = Release|Any CPU
	EndGlobalSection
	GlobalSection(SolutionProperties) = preSolution
		HideSolutionNode = FALSE
	EndGlobalSection
	GlobalSection(NestedProjects) = preSolution
		{484B79EE-75B6-4630-82A3-7A4CA4B461FD} = {13E2CE36-716E-4536-A32A-6B59245053E1}
		{6FE2A548-1052-496B-9D11-0C75C482BE9A} = {484B79EE-75B6-4630-82A3-7A4CA4B461FD}
		{159BA822-65B7-4BB5-9B8E-E8160FCBDB8D} = {484B79EE-75B6-4630-82A3-7A4CA4B461FD}
		{EBA1B291-2FAC-4632-A60B-3B12231F2E43} = {484B79EE-75B6-4630-82A3-7A4CA4B461FD}
		{E4C84471-60BB-465E-97C4-8A8D599F615F} = {484B79EE-75B6-4630-82A3-7A4CA4B461FD}
		{54A101FA-F165-4896-8BF0-4E5B3927EF9C} = {484B79EE-75B6-4630-82A3-7A4CA4B461FD}
		{F2DE1D2E-DFF8-4B3E-BCAE-A02E805A2987} = {484B79EE-75B6-4630-82A3-7A4CA4B461FD}
		{01B9386E-8828-49D3-AF19-A1EEDA6A714C} = {484B79EE-75B6-4630-82A3-7A4CA4B461FD}
		{01DBD621-C4EA-48F9-908A-DADDB81B85DE} = {484B79EE-75B6-4630-82A3-7A4CA4B461FD}
		{F970D558-7F6E-46C5-AB59-D2F6FB37D0F5} = {484B79EE-75B6-4630-82A3-7A4CA4B461FD}
		{54B5D58D-37BA-420A-87D0-2D437769B704} = {484B79EE-75B6-4630-82A3-7A4CA4B461FD}
		{C48953EC-8AA4-43A9-88F3-B1682BF82654} = {484B79EE-75B6-4630-82A3-7A4CA4B461FD}
		{5EA31047-3BD7-463D-8808-E27BF11AA5FF} = {484B79EE-75B6-4630-82A3-7A4CA4B461FD}
		{45942D22-0C11-4F6C-B142-1C1273990E5A} = {484B79EE-75B6-4630-82A3-7A4CA4B461FD}
		{F06E3C48-7DBB-463F-A8E1-2C0CCF42143B} = {484B79EE-75B6-4630-82A3-7A4CA4B461FD}
		{E610A6AB-F504-4BF8-94EE-51530473D00F} = {484B79EE-75B6-4630-82A3-7A4CA4B461FD}
		{9665C6B6-E4BD-4259-8F05-85D4AB435206} = {484B79EE-75B6-4630-82A3-7A4CA4B461FD}
		{937722BA-ECA6-40B9-BBE0-234C886C8C84} = {484B79EE-75B6-4630-82A3-7A4CA4B461FD}
		{E3A237B9-E0F8-48E4-B0B2-4EBBB4D1872D} = {484B79EE-75B6-4630-82A3-7A4CA4B461FD}
		{85D1FC23-1902-44C5-9208-AEF6D8063ED9} = {484B79EE-75B6-4630-82A3-7A4CA4B461FD}
		{61C737BE-3A2D-44E5-8644-39AE50BF54BC} = {484B79EE-75B6-4630-82A3-7A4CA4B461FD}
		{EA18F0BF-7F5D-44DC-9A5F-A369684CABC3} = {484B79EE-75B6-4630-82A3-7A4CA4B461FD}
		{9AF3ACB5-657D-480F-BBC9-035305E4AA5B} = {484B79EE-75B6-4630-82A3-7A4CA4B461FD}
	EndGlobalSection
	GlobalSection(ExtensibilityGlobals) = postSolution
		SolutionGuid = {F83297DA-E712-4DAC-9A27-8D3AC46345AF}
	EndGlobalSection
EndGlobal
